
Microsoft Visual Studio Solution File, Format Version 12.00
# Visual Studio Version 16
VisualStudioVersion = 16.0.30621.155
MinimumVisualStudioVersion = 10.0.40219.1
Project("{FAE04EC0-301F-11D3-BF4B-00C04F79EFBC}") = "OIGA", "OIGA.csproj", "{880D82F4-268B-4DCF-A879-6B72A2F6931C}"
EndProject
Global
	GlobalSection(SolutionConfigurationPlatforms) = preSolution
		Debug|Any CPU = Debug|Any CPU
		Release|Any CPU = Release|Any CPU
	EndGlobalSection
	GlobalSection(ProjectConfigurationPlatforms) = postSolution
		{880D82F4-268B-4DCF-A879-6B72A2F6931C}.Debug|Any CPU.ActiveCfg = Debug|Any CPU
		{880D82F4-268B-4DCF-A879-6B72A2F6931C}.Debug|Any CPU.Build.0 = Debug|Any CPU
		{880D82F4-268B-4DCF-A879-6B72A2F6931C}.Release|Any CPU.ActiveCfg = Release|Any CPU
		{880D82F4-268B-4DCF-A879-6B72A2F6931C}.Release|Any CPU.Build.0 = Release|Any CPU
	EndGlobalSection
	GlobalSection(SolutionProperties) = preSolution
		HideSolutionNode = FALSE
	EndGlobalSection
	GlobalSection(ExtensibilityGlobals) = postSolution
		SolutionGuid = {070DCF13-D1EE-4C73-B440-B56F7A07A449}
	EndGlobalSection
EndGlobal
